// !$*UTF8*$!
{
	archiveVersion = 1;
	classes = {
	};
	objectVersion = 46;
	objects = {

/* Begin PBXBuildFile section */
		0760952C1D33390900B4E528 /* DDUpdatable.swift in Sources */ = {isa = PBXBuildFile; fileRef = 07CFD7641D33334C00F118C1 /* DDUpdatable.swift */; };
		078F3B4C1D361B8B00A841E5 /* DDLoadingCell.swift in Sources */ = {isa = PBXBuildFile; fileRef = 078F3B4B1D361B8B00A841E5 /* DDLoadingCell.swift */; };
		07B377FF1D2E190A00583968 /* DDTableViewController.h in Headers */ = {isa = PBXBuildFile; fileRef = 07B377FE1D2E190A00583968 /* DDTableViewController.h */; settings = {ATTRIBUTES = (Public, ); }; };
		07B378031D2E190A00583968 /* DDTableViewController.framework in Frameworks */ = {isa = PBXBuildFile; fileRef = 07B377FC1D2E190A00583968 /* DDTableViewController.framework */; };
		07B378041D2E190A00583968 /* DDTableViewController.framework in Embed Frameworks */ = {isa = PBXBuildFile; fileRef = 07B377FC1D2E190A00583968 /* DDTableViewController.framework */; settings = {ATTRIBUTES = (CodeSignOnCopy, RemoveHeadersOnCopy, ); }; };
		07B3780A1D2E191500583968 /* DDTableViewController.swift in Sources */ = {isa = PBXBuildFile; fileRef = 84A36E781CC52CB900A855FB /* DDTableViewController.swift */; };
		07CFD7651D33334C00F118C1 /* DDUpdatable.swift in Sources */ = {isa = PBXBuildFile; fileRef = 07CFD7641D33334C00F118C1 /* DDUpdatable.swift */; };
		07DEB7AD1D37937C00CA2322 /* DDLoadingCell.swift in Sources */ = {isa = PBXBuildFile; fileRef = 078F3B4B1D361B8B00A841E5 /* DDLoadingCell.swift */; };
		84A36E671CC52C8000A855FB /* AppDelegate.swift in Sources */ = {isa = PBXBuildFile; fileRef = 84A36E661CC52C8000A855FB /* AppDelegate.swift */; };
		84A36E691CC52C8000A855FB /* ViewController.swift in Sources */ = {isa = PBXBuildFile; fileRef = 84A36E681CC52C8000A855FB /* ViewController.swift */; };
		84A36E6C1CC52C8000A855FB /* Main.storyboard in Resources */ = {isa = PBXBuildFile; fileRef = 84A36E6A1CC52C8000A855FB /* Main.storyboard */; };
		84A36E6E1CC52C8000A855FB /* Assets.xcassets in Resources */ = {isa = PBXBuildFile; fileRef = 84A36E6D1CC52C8000A855FB /* Assets.xcassets */; };
		84A36E711CC52C8000A855FB /* LaunchScreen.storyboard in Resources */ = {isa = PBXBuildFile; fileRef = 84A36E6F1CC52C8000A855FB /* LaunchScreen.storyboard */; };
		84A36E791CC52CB900A855FB /* DDTableViewController.swift in Sources */ = {isa = PBXBuildFile; fileRef = 84A36E781CC52CB900A855FB /* DDTableViewController.swift */; };
		84A36E7F1CC5331600A855FB /* ImageCell.swift in Sources */ = {isa = PBXBuildFile; fileRef = 84A36E7E1CC5331600A855FB /* ImageCell.swift */; };
		84A36E821CC5366000A855FB /* TextCell.swift in Sources */ = {isa = PBXBuildFile; fileRef = 84A36E811CC5366000A855FB /* TextCell.swift */; };
		84A36E861CC5D08600A855FB /* sample.png in Resources */ = {isa = PBXBuildFile; fileRef = 84A36E851CC5D08600A855FB /* sample.png */; };
/* End PBXBuildFile section */

/* Begin PBXContainerItemProxy section */
		07B378011D2E190A00583968 /* PBXContainerItemProxy */ = {
			isa = PBXContainerItemProxy;
			containerPortal = 84A36E5B1CC52C8000A855FB /* Project object */;
			proxyType = 1;
			remoteGlobalIDString = 07B377FB1D2E190A00583968;
			remoteInfo = DDTableViewController;
		};
/* End PBXContainerItemProxy section */

/* Begin PBXCopyFilesBuildPhase section */
		07B378081D2E190A00583968 /* Embed Frameworks */ = {
			isa = PBXCopyFilesBuildPhase;
			buildActionMask = 2147483647;
			dstPath = "";
			dstSubfolderSpec = 10;
			files = (
				07B378041D2E190A00583968 /* DDTableViewController.framework in Embed Frameworks */,
			);
			name = "Embed Frameworks";
			runOnlyForDeploymentPostprocessing = 0;
		};
/* End PBXCopyFilesBuildPhase section */

/* Begin PBXFileReference section */
		078F3B4B1D361B8B00A841E5 /* DDLoadingCell.swift */ = {isa = PBXFileReference; fileEncoding = 4; lastKnownFileType = sourcecode.swift; name = DDLoadingCell.swift; path = ../Source/DDLoadingCell.swift; sourceTree = "<group>"; };
		07B377FC1D2E190A00583968 /* DDTableViewController.framework */ = {isa = PBXFileReference; explicitFileType = wrapper.framework; includeInIndex = 0; path = DDTableViewController.framework; sourceTree = BUILT_PRODUCTS_DIR; };
		07B377FE1D2E190A00583968 /* DDTableViewController.h */ = {isa = PBXFileReference; lastKnownFileType = sourcecode.c.h; path = DDTableViewController.h; sourceTree = "<group>"; };
		07B378001D2E190A00583968 /* Info.plist */ = {isa = PBXFileReference; lastKnownFileType = text.plist.xml; path = Info.plist; sourceTree = "<group>"; };
		07CFD7641D33334C00F118C1 /* DDUpdatable.swift */ = {isa = PBXFileReference; fileEncoding = 4; lastKnownFileType = sourcecode.swift; name = DDUpdatable.swift; path = ../Source/DDUpdatable.swift; sourceTree = "<group>"; };
		84A36E631CC52C8000A855FB /* Demo.app */ = {isa = PBXFileReference; explicitFileType = wrapper.application; includeInIndex = 0; path = Demo.app; sourceTree = BUILT_PRODUCTS_DIR; };
		84A36E661CC52C8000A855FB /* AppDelegate.swift */ = {isa = PBXFileReference; lastKnownFileType = sourcecode.swift; path = AppDelegate.swift; sourceTree = "<group>"; };
		84A36E681CC52C8000A855FB /* ViewController.swift */ = {isa = PBXFileReference; lastKnownFileType = sourcecode.swift; path = ViewController.swift; sourceTree = "<group>"; };
		84A36E6B1CC52C8000A855FB /* Base */ = {isa = PBXFileReference; lastKnownFileType = file.storyboard; name = Base; path = Base.lproj/Main.storyboard; sourceTree = "<group>"; };
		84A36E6D1CC52C8000A855FB /* Assets.xcassets */ = {isa = PBXFileReference; lastKnownFileType = folder.assetcatalog; path = Assets.xcassets; sourceTree = "<group>"; };
		84A36E701CC52C8000A855FB /* Base */ = {isa = PBXFileReference; lastKnownFileType = file.storyboard; name = Base; path = Base.lproj/LaunchScreen.storyboard; sourceTree = "<group>"; };
		84A36E721CC52C8000A855FB /* Info.plist */ = {isa = PBXFileReference; lastKnownFileType = text.plist.xml; path = Info.plist; sourceTree = "<group>"; };
		84A36E781CC52CB900A855FB /* DDTableViewController.swift */ = {isa = PBXFileReference; fileEncoding = 4; lastKnownFileType = sourcecode.swift; name = DDTableViewController.swift; path = ../Source/DDTableViewController.swift; sourceTree = "<group>"; };
		84A36E7E1CC5331600A855FB /* ImageCell.swift */ = {isa = PBXFileReference; fileEncoding = 4; lastKnownFileType = sourcecode.swift; path = ImageCell.swift; sourceTree = "<group>"; };
		84A36E811CC5366000A855FB /* TextCell.swift */ = {isa = PBXFileReference; fileEncoding = 4; lastKnownFileType = sourcecode.swift; path = TextCell.swift; sourceTree = "<group>"; };
		84A36E851CC5D08600A855FB /* sample.png */ = {isa = PBXFileReference; lastKnownFileType = image.png; path = sample.png; sourceTree = "<group>"; };
/* End PBXFileReference section */

/* Begin PBXFrameworksBuildPhase section */
		07B377F81D2E190A00583968 /* Frameworks */ = {
			isa = PBXFrameworksBuildPhase;
			buildActionMask = 2147483647;
			files = (
			);
			runOnlyForDeploymentPostprocessing = 0;
		};
		84A36E601CC52C8000A855FB /* Frameworks */ = {
			isa = PBXFrameworksBuildPhase;
			buildActionMask = 2147483647;
			files = (
				07B378031D2E190A00583968 /* DDTableViewController.framework in Frameworks */,
			);
			runOnlyForDeploymentPostprocessing = 0;
		};
/* End PBXFrameworksBuildPhase section */

/* Begin PBXGroup section */
		07B377FD1D2E190A00583968 /* DDTableViewController */ = {
			isa = PBXGroup;
			children = (
				07B377FE1D2E190A00583968 /* DDTableViewController.h */,
				07B378001D2E190A00583968 /* Info.plist */,
			);
			path = DDTableViewController;
			sourceTree = "<group>";
		};
		84A36E5A1CC52C8000A855FB = {
			isa = PBXGroup;
			children = (
				84A36E801CC5331F00A855FB /* Source */,
				84A36E651CC52C8000A855FB /* Demo */,
				07B377FD1D2E190A00583968 /* DDTableViewController */,
				84A36E641CC52C8000A855FB /* Products */,
			);
			sourceTree = "<group>";
		};
		84A36E641CC52C8000A855FB /* Products */ = {
			isa = PBXGroup;
			children = (
				84A36E631CC52C8000A855FB /* Demo.app */,
				07B377FC1D2E190A00583968 /* DDTableViewController.framework */,
			);
			name = Products;
			sourceTree = "<group>";
		};
		84A36E651CC52C8000A855FB /* Demo */ = {
			isa = PBXGroup;
			children = (
				84A36E851CC5D08600A855FB /* sample.png */,
				84A36E661CC52C8000A855FB /* AppDelegate.swift */,
				84A36E7E1CC5331600A855FB /* ImageCell.swift */,
				84A36E811CC5366000A855FB /* TextCell.swift */,
				84A36E681CC52C8000A855FB /* ViewController.swift */,
				84A36E6A1CC52C8000A855FB /* Main.storyboard */,
				84A36E6D1CC52C8000A855FB /* Assets.xcassets */,
				84A36E6F1CC52C8000A855FB /* LaunchScreen.storyboard */,
				84A36E721CC52C8000A855FB /* Info.plist */,
			);
			path = Demo;
			sourceTree = "<group>";
		};
		84A36E801CC5331F00A855FB /* Source */ = {
			isa = PBXGroup;
			children = (
				078F3B4B1D361B8B00A841E5 /* DDLoadingCell.swift */,
				07CFD7641D33334C00F118C1 /* DDUpdatable.swift */,
				84A36E781CC52CB900A855FB /* DDTableViewController.swift */,
			);
			name = Source;
			sourceTree = "<group>";
		};
/* End PBXGroup section */

/* Begin PBXHeadersBuildPhase section */
		07B377F91D2E190A00583968 /* Headers */ = {
			isa = PBXHeadersBuildPhase;
			buildActionMask = 2147483647;
			files = (
				07B377FF1D2E190A00583968 /* DDTableViewController.h in Headers */,
			);
			runOnlyForDeploymentPostprocessing = 0;
		};
/* End PBXHeadersBuildPhase section */

/* Begin PBXNativeTarget section */
		07B377FB1D2E190A00583968 /* DDTableViewController */ = {
			isa = PBXNativeTarget;
			buildConfigurationList = 07B378071D2E190A00583968 /* Build configuration list for PBXNativeTarget "DDTableViewController" */;
			buildPhases = (
				07B377F71D2E190A00583968 /* Sources */,
				07B377F81D2E190A00583968 /* Frameworks */,
				07B377F91D2E190A00583968 /* Headers */,
				07B377FA1D2E190A00583968 /* Resources */,
			);
			buildRules = (
			);
			dependencies = (
			);
			name = DDTableViewController;
			productName = DDTableViewController;
			productReference = 07B377FC1D2E190A00583968 /* DDTableViewController.framework */;
			productType = "com.apple.product-type.framework";
		};
		84A36E621CC52C8000A855FB /* Demo */ = {
			isa = PBXNativeTarget;
			buildConfigurationList = 84A36E751CC52C8000A855FB /* Build configuration list for PBXNativeTarget "Demo" */;
			buildPhases = (
				84A36E5F1CC52C8000A855FB /* Sources */,
				84A36E601CC52C8000A855FB /* Frameworks */,
				84A36E611CC52C8000A855FB /* Resources */,
				07B378081D2E190A00583968 /* Embed Frameworks */,
			);
			buildRules = (
			);
			dependencies = (
				07B378021D2E190A00583968 /* PBXTargetDependency */,
			);
			name = Demo;
			productName = Demo;
			productReference = 84A36E631CC52C8000A855FB /* Demo.app */;
			productType = "com.apple.product-type.application";
		};
/* End PBXNativeTarget section */

/* Begin PBXProject section */
		84A36E5B1CC52C8000A855FB /* Project object */ = {
			isa = PBXProject;
			attributes = {
				LastSwiftUpdateCheck = 0730;
				LastUpgradeCheck = 0730;
				ORGANIZATIONNAME = "monk-studio";
				TargetAttributes = {
					07B377FB1D2E190A00583968 = {
						CreatedOnToolsVersion = 7.3;
					};
					84A36E621CC52C8000A855FB = {
						CreatedOnToolsVersion = 7.3;
					};
				};
			};
			buildConfigurationList = 84A36E5E1CC52C8000A855FB /* Build configuration list for PBXProject "Demo" */;
			compatibilityVersion = "Xcode 3.2";
			developmentRegion = English;
			hasScannedForEncodings = 0;
			knownRegions = (
				en,
				Base,
			);
			mainGroup = 84A36E5A1CC52C8000A855FB;
			productRefGroup = 84A36E641CC52C8000A855FB /* Products */;
			projectDirPath = "";
			projectRoot = "";
			targets = (
				84A36E621CC52C8000A855FB /* Demo */,
				07B377FB1D2E190A00583968 /* DDTableViewController */,
			);
		};
/* End PBXProject section */

/* Begin PBXResourcesBuildPhase section */
		07B377FA1D2E190A00583968 /* Resources */ = {
			isa = PBXResourcesBuildPhase;
			buildActionMask = 2147483647;
			files = (
			);
			runOnlyForDeploymentPostprocessing = 0;
		};
		84A36E611CC52C8000A855FB /* Resources */ = {
			isa = PBXResourcesBuildPhase;
			buildActionMask = 2147483647;
			files = (
				84A36E711CC52C8000A855FB /* LaunchScreen.storyboard in Resources */,
				84A36E6E1CC52C8000A855FB /* Assets.xcassets in Resources */,
				84A36E6C1CC52C8000A855FB /* Main.storyboard in Resources */,
				84A36E861CC5D08600A855FB /* sample.png in Resources */,
			);
			runOnlyForDeploymentPostprocessing = 0;
		};
/* End PBXResourcesBuildPhase section */

/* Begin PBXSourcesBuildPhase section */
		07B377F71D2E190A00583968 /* Sources */ = {
			isa = PBXSourcesBuildPhase;
			buildActionMask = 2147483647;
			files = (
				0760952C1D33390900B4E528 /* DDUpdatable.swift in Sources */,
				07DEB7AD1D37937C00CA2322 /* DDLoadingCell.swift in Sources */,
				07B3780A1D2E191500583968 /* DDTableViewController.swift in Sources */,
			);
			runOnlyForDeploymentPostprocessing = 0;
		};
		84A36E5F1CC52C8000A855FB /* Sources */ = {
			isa = PBXSourcesBuildPhase;
			buildActionMask = 2147483647;
			files = (
				078F3B4C1D361B8B00A841E5 /* DDLoadingCell.swift in Sources */,
				84A36E691CC52C8000A855FB /* ViewController.swift in Sources */,
				84A36E671CC52C8000A855FB /* AppDelegate.swift in Sources */,
				84A36E7F1CC5331600A855FB /* ImageCell.swift in Sources */,
				84A36E821CC5366000A855FB /* TextCell.swift in Sources */,
				07CFD7651D33334C00F118C1 /* DDUpdatable.swift in Sources */,
				84A36E791CC52CB900A855FB /* DDTableViewController.swift in Sources */,
			);
			runOnlyForDeploymentPostprocessing = 0;
		};
/* End PBXSourcesBuildPhase section */

/* Begin PBXTargetDependency section */
		07B378021D2E190A00583968 /* PBXTargetDependency */ = {
			isa = PBXTargetDependency;
			target = 07B377FB1D2E190A00583968 /* DDTableViewController */;
			targetProxy = 07B378011D2E190A00583968 /* PBXContainerItemProxy */;
		};
/* End PBXTargetDependency section */

/* Begin PBXVariantGroup section */
		84A36E6A1CC52C8000A855FB /* Main.storyboard */ = {
			isa = PBXVariantGroup;
			children = (
				84A36E6B1CC52C8000A855FB /* Base */,
			);
			name = Main.storyboard;
			sourceTree = "<group>";
		};
		84A36E6F1CC52C8000A855FB /* LaunchScreen.storyboard */ = {
			isa = PBXVariantGroup;
			children = (
				84A36E701CC52C8000A855FB /* Base */,
			);
			name = LaunchScreen.storyboard;
			sourceTree = "<group>";
		};
/* End PBXVariantGroup section */

/* Begin XCBuildConfiguration section */
		07B378051D2E190A00583968 /* Debug */ = {
			isa = XCBuildConfiguration;
			buildSettings = {
				CURRENT_PROJECT_VERSION = 1;
				DEFINES_MODULE = YES;
				DYLIB_COMPATIBILITY_VERSION = 1;
				DYLIB_CURRENT_VERSION = 1;
				DYLIB_INSTALL_NAME_BASE = "@rpath";
				INFOPLIST_FILE = DDTableViewController/Info.plist;
				INSTALL_PATH = "$(LOCAL_LIBRARY_DIR)/Frameworks";
				IPHONEOS_DEPLOYMENT_TARGET = 8.0;
				LD_RUNPATH_SEARCH_PATHS = "$(inherited) @executable_path/Frameworks @loader_path/Frameworks";
				PRODUCT_BUNDLE_IDENTIFIER = "com.monk-studio.DDTableViewController";
				PRODUCT_NAME = "$(TARGET_NAME)";
				SKIP_INSTALL = YES;
				TARGETED_DEVICE_FAMILY = "1,2";
				VERSIONING_SYSTEM = "apple-generic";
				VERSION_INFO_PREFIX = "";
			};
			name = Debug;
		};
		07B378061D2E190A00583968 /* Release */ = {
			isa = XCBuildConfiguration;
			buildSettings = {
				CURRENT_PROJECT_VERSION = 1;
				DEFINES_MODULE = YES;
				DYLIB_COMPATIBILITY_VERSION = 1;
				DYLIB_CURRENT_VERSION = 1;
				DYLIB_INSTALL_NAME_BASE = "@rpath";
				INFOPLIST_FILE = DDTableViewController/Info.plist;
				INSTALL_PATH = "$(LOCAL_LIBRARY_DIR)/Frameworks";
				IPHONEOS_DEPLOYMENT_TARGET = 8.0;
				LD_RUNPATH_SEARCH_PATHS = "$(inherited) @executable_path/Frameworks @loader_path/Frameworks";
				PRODUCT_BUNDLE_IDENTIFIER = "com.monk-studio.DDTableViewController";
				PRODUCT_NAME = "$(TARGET_NAME)";
				SKIP_INSTALL = YES;
				TARGETED_DEVICE_FAMILY = "1,2";
				VERSIONING_SYSTEM = "apple-generic";
				VERSION_INFO_PREFIX = "";
			};
			name = Release;
		};
		84A36E731CC52C8000A855FB /* Debug */ = {
			isa = XCBuildConfiguration;
			buildSettings = {
				ALWAYS_SEARCH_USER_PATHS = NO;
				CLANG_ANALYZER_NONNULL = YES;
				CLANG_CXX_LANGUAGE_STANDARD = "gnu++0x";
				CLANG_CXX_LIBRARY = "libc++";
				CLANG_ENABLE_MODULES = YES;
				CLANG_ENABLE_OBJC_ARC = YES;
				CLANG_WARN_BOOL_CONVERSION = YES;
				CLANG_WARN_CONSTANT_CONVERSION = YES;
				CLANG_WARN_DIRECT_OBJC_ISA_USAGE = YES_ERROR;
				CLANG_WARN_EMPTY_BODY = YES;
				CLANG_WARN_ENUM_CONVERSION = YES;
				CLANG_WARN_INT_CONVERSION = YES;
				CLANG_WARN_OBJC_ROOT_CLASS = YES_ERROR;
				CLANG_WARN_UNREACHABLE_CODE = YES;
				CLANG_WARN__DUPLICATE_METHOD_MATCH = YES;
				"CODE_SIGN_IDENTITY[sdk=iphoneos*]" = "iPhone Developer";
				COPY_PHASE_STRIP = NO;
				DEBUG_INFORMATION_FORMAT = dwarf;
				ENABLE_STRICT_OBJC_MSGSEND = YES;
				ENABLE_TESTABILITY = YES;
				GCC_C_LANGUAGE_STANDARD = gnu99;
				GCC_DYNAMIC_NO_PIC = NO;
				GCC_NO_COMMON_BLOCKS = YES;
				GCC_OPTIMIZATION_LEVEL = 0;
				GCC_PREPROCESSOR_DEFINITIONS = (
					"DEBUG=1",
					"$(inherited)",
				);
				GCC_WARN_64_TO_32_BIT_CONVERSION = YES;
				GCC_WARN_ABOUT_RETURN_TYPE = YES_ERROR;
				GCC_WARN_UNDECLARED_SELECTOR = YES;
				GCC_WARN_UNINITIALIZED_AUTOS = YES_AGGRESSIVE;
				GCC_WARN_UNUSED_FUNCTION = YES;
				GCC_WARN_UNUSED_VARIABLE = YES;
				IPHONEOS_DEPLOYMENT_TARGET = 8.0;
				MTL_ENABLE_DEBUG_INFO = YES;
				ONLY_ACTIVE_ARCH = YES;
				SDKROOT = iphoneos;
				SWIFT_OPTIMIZATION_LEVEL = "-Onone";
			};
			name = Debug;
		};
		84A36E741CC52C8000A855FB /* Release */ = {
			isa = XCBuildConfiguration;
			buildSettings = {
				ALWAYS_SEARCH_USER_PATHS = NO;
				CLANG_ANALYZER_NONNULL = YES;
				CLANG_CXX_LANGUAGE_STANDARD = "gnu++0x";
				CLANG_CXX_LIBRARY = "libc++";
				CLANG_ENABLE_MODULES = YES;
				CLANG_ENABLE_OBJC_ARC = YES;
				CLANG_WARN_BOOL_CONVERSION = YES;
				CLANG_WARN_CONSTANT_CONVERSION = YES;
				CLANG_WARN_DIRECT_OBJC_ISA_USAGE = YES_ERROR;
				CLANG_WARN_EMPTY_BODY = YES;
				CLANG_WARN_ENUM_CONVERSION = YES;
				CLANG_WARN_INT_CONVERSION = YES;
				CLANG_WARN_OBJC_ROOT_CLASS = YES_ERROR;
				CLANG_WARN_UNREACHABLE_CODE = YES;
				CLANG_WARN__DUPLICATE_METHOD_MATCH = YES;
				"CODE_SIGN_IDENTITY[sdk=iphoneos*]" = "iPhone Developer";
				COPY_PHASE_STRIP = NO;
				DEBUG_INFORMATION_FORMAT = "dwarf-with-dsym";
				ENABLE_NS_ASSERTIONS = NO;
				ENABLE_STRICT_OBJC_MSGSEND = YES;
				GCC_C_LANGUAGE_STANDARD = gnu99;
				GCC_NO_COMMON_BLOCKS = YES;
				GCC_WARN_64_TO_32_BIT_CONVERSION = YES;
				GCC_WARN_ABOUT_RETURN_TYPE = YES_ERROR;
				GCC_WARN_UNDECLARED_SELECTOR = YES;
				GCC_WARN_UNINITIALIZED_AUTOS = YES_AGGRESSIVE;
				GCC_WARN_UNUSED_FUNCTION = YES;
				GCC_WARN_UNUSED_VARIABLE = YES;
				IPHONEOS_DEPLOYMENT_TARGET = 8.0;
				MTL_ENABLE_DEBUG_INFO = NO;
				SDKROOT = iphoneos;
				VALIDATE_PRODUCT = YES;
			};
			name = Release;
		};
		84A36E761CC52C8000A855FB /* Debug */ = {
			isa = XCBuildConfiguration;
			buildSettings = {
				ASSETCATALOG_COMPILER_APPICON_NAME = AppIcon;
				EMBEDDED_CONTENT_CONTAINS_SWIFT = YES;
				INFOPLIST_FILE = Demo/Info.plist;
				IPHONEOS_DEPLOYMENT_TARGET = 8.0;
				LD_RUNPATH_SEARCH_PATHS = "$(inherited) @executable_path/Frameworks";
				PRODUCT_BUNDLE_IDENTIFIER = "com.monk-studio.Demo";
				PRODUCT_NAME = "$(TARGET_NAME)";
			};
			name = Debug;
		};
		84A36E771CC52C8000A855FB /* Release */ = {
			isa = XCBuildConfiguration;
			buildSettings = {
				ASSETCATALOG_COMPILER_APPICON_NAME = AppIcon;
				EMBEDDED_CONTENT_CONTAINS_SWIFT = YES;
				INFOPLIST_FILE = Demo/Info.plist;
				IPHONEOS_DEPLOYMENT_TARGET = 8.0;
				LD_RUNPATH_SEARCH_PATHS = "$(inherited) @executable_path/Frameworks";
				PRODUCT_BUNDLE_IDENTIFIER = "com.monk-studio.Demo";
				PRODUCT_NAME = "$(TARGET_NAME)";
			};
			name = Release;
		};
/* End XCBuildConfiguration section */

/* Begin XCConfigurationList section */
		07B378071D2E190A00583968 /* Build configuration list for PBXNativeTarget "DDTableViewController" */ = {
			isa = XCConfigurationList;
			buildConfigurations = (
				07B378051D2E190A00583968 /* Debug */,
				07B378061D2E190A00583968 /* Release */,
			);
			defaultConfigurationIsVisible = 0;
			defaultConfigurationName = Release;
		};
		84A36E5E1CC52C8000A855FB /* Build configuration list for PBXProject "Demo" */ = {
			isa = XCConfigurationList;
			buildConfigurations = (
				84A36E731CC52C8000A855FB /* Debug */,
				84A36E741CC52C8000A855FB /* Release */,
			);
			defaultConfigurationIsVisible = 0;
			defaultConfigurationName = Release;
		};
		84A36E751CC52C8000A855FB /* Build configuration list for PBXNativeTarget "Demo" */ = {
			isa = XCConfigurationList;
			buildConfigurations = (
				84A36E761CC52C8000A855FB /* Debug */,
				84A36E771CC52C8000A855FB /* Release */,
			);
			defaultConfigurationIsVisible = 0;
			defaultConfigurationName = Release;
		};
/* End XCConfigurationList section */
	};
	rootObject = 84A36E5B1CC52C8000A855FB /* Project object */;
}
